
Microsoft Visual Studio Solution File, Format Version 12.00
# Visual Studio Version 17
VisualStudioVersion = 17.3.32825.248
MinimumVisualStudioVersion = 10.0.40219.1
Project("{FAE04EC0-301F-11D3-BF4B-00C04F79EFBC}") = "Bogus-CV-Gen", "Bogus-CV-Gen.csproj", "{E2275C06-D932-454A-BDF7-0C28FAEDE015}"
EndProject
Global
	GlobalSection(SolutionConfigurationPlatforms) = preSolution
		Debug|Any CPU = Debug|Any CPU
		Release|Any CPU = Release|Any CPU
	EndGlobalSection
	GlobalSection(ProjectConfigurationPlatforms) = postSolution
		{E2275C06-D932-454A-BDF7-0C28FAEDE015}.Debug|Any CPU.ActiveCfg = Debug|Any CPU
		{E2275C06-D932-454A-BDF7-0C28FAEDE015}.Debug|Any CPU.Build.0 = Debug|Any CPU
		{E2275C06-D932-454A-BDF7-0C28FAEDE015}.Release|Any CPU.ActiveCfg = Release|Any CPU
		{E2275C06-D932-454A-BDF7-0C28FAEDE015}.Release|Any CPU.Build.0 = Release|Any CPU
	EndGlobalSection
	GlobalSection(SolutionProperties) = preSolution
		HideSolutionNode = FALSE
	EndGlobalSection
	GlobalSection(ExtensibilityGlobals) = postSolution
		SolutionGuid = {3D440513-3754-47A1-B5EA-4F0C22D1B13D}
	EndGlobalSection
EndGlobal
